
Microsoft Visual Studio Solution File, Format Version 11.00
# Visual Studio 2010
Project("{FAE04EC0-301F-11D3-BF4B-00C04F79EFBC}") = "Assembly-CSharp", "Assembly-CSharp.csproj", "{48255DC0-E729-F34C-A07B-71DFB46610C6}"
EndProject
Project("{FAE04EC0-301F-11D3-BF4B-00C04F79EFBC}") = "Assembly-CSharp-Editor", "Assembly-CSharp-Editor.csproj", "{1A4A7ABB-FD5D-57B1-CAD9-DF59689FFF40}"
EndProject
Global
	GlobalSection(SolutionConfigurationPlatforms) = preSolution
		Debug|Any CPU = Debug|Any CPU
		Release|Any CPU = Release|Any CPU
	EndGlobalSection
	GlobalSection(ProjectConfigurationPlatforms) = postSolution
		{48255DC0-E729-F34C-A07B-71DFB46610C6}.Debug|Any CPU.ActiveCfg = Debug|Any CPU
		{48255DC0-E729-F34C-A07B-71DFB46610C6}.Debug|Any CPU.Build.0 = Debug|Any CPU
		{48255DC0-E729-F34C-A07B-71DFB46610C6}.Release|Any CPU.ActiveCfg = Release|Any CPU
		{48255DC0-E729-F34C-A07B-71DFB46610C6}.Release|Any CPU.Build.0 = Release|Any CPU
		{1A4A7ABB-FD5D-57B1-CAD9-DF59689FFF40}.Debug|Any CPU.ActiveCfg = Debug|Any CPU
		{1A4A7ABB-FD5D-57B1-CAD9-DF59689FFF40}.Debug|Any CPU.Build.0 = Debug|Any CPU
		{1A4A7ABB-FD5D-57B1-CAD9-DF59689FFF40}.Release|Any CPU.ActiveCfg = Release|Any CPU
		{1A4A7ABB-FD5D-57B1-CAD9-DF59689FFF40}.Release|Any CPU.Build.0 = Release|Any CPU
	EndGlobalSection
	GlobalSection(SolutionProperties) = preSolution
		HideSolutionNode = FALSE
	EndGlobalSection
EndGlobal
